{
  "version": 4,
  "terraform_version": "1.12.2",
  "serial": 18,
  "lineage": "4b1a0034-7f90-0ff6-d9cf-d67e8de43f61",
  "outputs": {
    "acr_login_server": {
      "value": "bankingappacr121.azurecr.io",
      "type": "string"
    },
    "aks_id": {
      "value": "/subscriptions/f2a9d021-fbf6-46e8-960f-e470c58952a4/resourceGroups/RG-02/providers/Microsoft.ContainerService/managedClusters/Banking-App-Cluster121",
      "type": "string"
    },
    "aks_kubelet_identity": {
      "value": "a6332c00-f72b-4371-ae76-09b6e61cf561",
      "type": "string"
    },
    "aks_name": {
      "value": "Banking-App-Cluster121",
      "type": "string"
    },
    "aks_subnet_id": {
      "value": "/subscriptions/f2a9d021-fbf6-46e8-960f-e470c58952a4/resourceGroups/RG-02/providers/Microsoft.Network/virtualNetworks/banking/subnets/subnet-aks",
      "type": "string"
    },
    "key_vault_uri": {
      "value": "https://bankingapp-key-vault123.vault.azure.net/",
      "type": "string"
    },
    "private_endpoint_subnet_id": {
      "value": "/subscriptions/f2a9d021-fbf6-46e8-960f-e470c58952a4/resourceGroups/RG-02/providers/Microsoft.Network/virtualNetworks/banking/subnets/subnet-private-endpoint",
      "type": "string"
    },
    "resource_group_location": {
      "value": "centralindia",
      "type": "string"
    },
    "resource_group_name": {
      "value": "RG-02",
      "type": "string"
    },
    "vnet_id": {
      "value": "/subscriptions/f2a9d021-fbf6-46e8-960f-e470c58952a4/resourceGroups/RG-02/providers/Microsoft.Network/virtualNetworks/banking",
      "type": "string"
    }
  },
  "resources": [
    {
      "mode": "data",
      "type": "azurerm_client_config",
      "name": "current",
      "provider": "provider[\"registry.terraform.io/hashicorp/azurerm\"]",
      "instances": [
        {
          "schema_version": 0,
          "attributes": {
            "client_id": "04b07795-8ddb-461a-bbee-02f9e1bf7b46",
            "id": "Y2xpZW50Q29uZmlncy9jbGllbnRJZD0wNGIwNzc5NS04ZGRiLTQ2MWEtYmJlZS0wMmY5ZTFiZjdiNDY7b2JqZWN0SWQ9MjFlM2M5YjUtNjg1NS00NzkxLTk0MzYtZWJmNzI4MzM1MmQzO3N1YnNjcmlwdGlvbklkPWYyYTlkMDIxLWZiZjYtNDZlOC05NjBmLWU0NzBjNTg5NTJhNDt0ZW5hbnRJZD0xMmY3MmNhNC1hNzA0LTRmNGMtYmMxYi02ZTQxZDEzNzFhYjk=",
            "object_id": "21e3c9b5-6855-4791-9436-ebf7283352d3",
            "subscription_id": "f2a9d021-fbf6-46e8-960f-e470c58952a4",
            "tenant_id": "12f72ca4-a704-4f4c-bc1b-6e41d1371ab9",
            "timeouts": null
          },
          "sensitive_attributes": [],
          "identity_schema_version": 0
        }
      ]
    },
    {
      "mode": "managed",
      "type": "azurerm_container_registry",
      "name": "banking",
      "provider": "provider[\"registry.terraform.io/hashicorp/azurerm\"]",
      "instances": [
        {
          "schema_version": 2,
          "attributes": {
            "admin_enabled": false,
            "admin_password": "",
            "admin_username": "",
            "anonymous_pull_enabled": false,
            "azuread_authentication_as_arm_policy_enabled": true,
            "data_endpoint_enabled": false,
            "data_endpoint_host_names": [],
            "encryption": [],
            "export_policy_enabled": true,
            "georeplications": [],
            "id": "/subscriptions/f2a9d021-fbf6-46e8-960f-e470c58952a4/resourceGroups/RG-02/providers/Microsoft.ContainerRegistry/registries/bankingAppAcr121",
            "identity": [],
            "location": "centralindia",
            "login_server": "bankingappacr121.azurecr.io",
            "name": "bankingAppAcr121",
            "network_rule_bypass_for_tasks_enabled": false,
            "network_rule_bypass_option": "AzureServices",
            "network_rule_set": [],
            "public_network_access_enabled": true,
            "quarantine_policy_enabled": false,
            "resource_group_name": "RG-02",
            "retention_policy_in_days": 0,
            "role_assignment_mode": "LegacyRegistryPermissions",
            "sku": "Standard",
            "tags": {},
            "timeouts": null,
            "trust_policy_enabled": false,
            "zone_redundancy_enabled": false
          },
          "sensitive_attributes": [
            [
              {
                "type": "get_attr",
                "value": "admin_password"
              }
            ]
          ],
          "identity_schema_version": 0,
          "private": "eyJlMmJmYjczMC1lY2FhLTExZTYtOGY4OC0zNDM2M2JjN2M0YzAiOnsiY3JlYXRlIjoxODAwMDAwMDAwMDAwLCJkZWxldGUiOjE4MDAwMDAwMDAwMDAsInJlYWQiOjMwMDAwMDAwMDAwMCwidXBkYXRlIjoxODAwMDAwMDAwMDAwfSwic2NoZW1hX3ZlcnNpb24iOiIyIn0=",
          "dependencies": [
            "azurerm_resource_group.banking"
          ]
        }
      ]
    },
    {
      "mode": "managed",
      "type": "azurerm_key_vault",
      "name": "banking",
      "provider": "provider[\"registry.terraform.io/hashicorp/azurerm\"]",
      "instances": [
        {
          "schema_version": 2,
          "attributes": {
            "access_policy": [],
            "contact": [],
            "enable_rbac_authorization": true,
            "enabled_for_deployment": false,
            "enabled_for_disk_encryption": false,
            "enabled_for_template_deployment": false,
            "id": "/subscriptions/f2a9d021-fbf6-46e8-960f-e470c58952a4/resourceGroups/RG-02/providers/Microsoft.KeyVault/vaults/bankingApp-Key-Vault123",
            "location": "centralindia",
            "name": "bankingApp-Key-Vault123",
            "network_acls": [
              {
                "bypass": "AzureServices",
                "default_action": "Allow",
                "ip_rules": [],
                "virtual_network_subnet_ids": []
              }
            ],
            "public_network_access_enabled": true,
            "purge_protection_enabled": false,
            "rbac_authorization_enabled": true,
            "resource_group_name": "RG-02",
            "sku_name": "standard",
            "soft_delete_retention_days": 90,
            "tags": {},
            "tenant_id": "12f72ca4-a704-4f4c-bc1b-6e41d1371ab9",
            "timeouts": null,
            "vault_uri": "https://bankingapp-key-vault123.vault.azure.net/"
          },
          "sensitive_attributes": [],
          "identity_schema_version": 0,
          "identity": {
            "name": "bankingApp-Key-Vault123",
            "resource_group_name": "RG-02",
            "subscription_id": "f2a9d021-fbf6-46e8-960f-e470c58952a4"
          },
          "private": "eyJlMmJmYjczMC1lY2FhLTExZTYtOGY4OC0zNDM2M2JjN2M0YzAiOnsiY3JlYXRlIjoxODAwMDAwMDAwMDAwLCJkZWxldGUiOjE4MDAwMDAwMDAwMDAsInJlYWQiOjMwMDAwMDAwMDAwMCwidXBkYXRlIjoxODAwMDAwMDAwMDAwfSwic2NoZW1hX3ZlcnNpb24iOiIyIn0=",
          "dependencies": [
            "azurerm_resource_group.banking",
            "data.azurerm_client_config.current"
          ]
        }
      ]
    },
    {
      "mode": "managed",
      "type": "azurerm_kubernetes_cluster",
      "name": "banking",
      "provider": "provider[\"registry.terraform.io/hashicorp/azurerm\"]",
      "instances": [
        {
          "schema_version": 2,
          "attributes": {
            "aci_connector_linux": [],
            "ai_toolchain_operator_enabled": false,
            "api_server_access_profile": [],
            "auto_scaler_profile": [],
            "automatic_upgrade_channel": "",
            "azure_active_directory_role_based_access_control": [],
            "azure_policy_enabled": false,
            "bootstrap_profile": [
              {
                "artifact_source": "Direct",
                "container_registry_id": ""
              }
            ],
            "confidential_computing": [],
            "cost_analysis_enabled": false,
            "current_kubernetes_version": "1.35.7",
            "custom_ca_trust_certificates_base64": null,
            "default_node_pool": [
              {
                "auto_scaling_enabled": false,
                "capacity_reservation_group_id": "",
                "fips_enabled": false,
                "gpu_driver": "",
                "gpu_instance": "",
                "host_encryption_enabled": false,
                "host_group_id": "",
                "kubelet_config": [],
                "kubelet_disk_type": "OS",
                "linux_os_config": [],
                "max_count": 0,
                "max_pods": 30,
                "min_count": 0,
                "name": "system",
                "node_count": 2,
                "node_labels": {},
                "node_network_profile": [],
                "node_public_ip_enabled": false,
                "node_public_ip_prefix_id": "",
                "only_critical_addons_enabled": false,
                "orchestrator_version": "1.35",
                "os_disk_size_gb": 128,
                "os_disk_type": "Managed",
                "os_sku": "Ubuntu",
                "pod_subnet_id": "",
                "proximity_placement_group_id": "",
                "scale_down_mode": "Delete",
                "snapshot_id": "",
                "tags": null,
                "temporary_name_for_rotation": "",
                "type": "VirtualMachineScaleSets",
                "ultra_ssd_enabled": false,
                "upgrade_settings": [
                  {
                    "drain_timeout_in_minutes": 0,
                    "max_surge": "10%",
                    "node_soak_duration_in_minutes": 0,
                    "undrainable_node_behavior": ""
                  }
                ],
                "vm_size": "Standard_D2s_v5",
                "vnet_subnet_id": "/subscriptions/f2a9d021-fbf6-46e8-960f-e470c58952a4/resourceGroups/RG-02/providers/Microsoft.Network/virtualNetworks/banking/subnets/subnet-aks",
                "workload_runtime": "",
                "zones": null
              }
            ],
            "disk_encryption_set_id": "",
            "dns_prefix": "banking-app-dev001",
            "dns_prefix_private_cluster": "",
            "edge_zone": "",
            "fqdn": "banking-app-dev001-jdngmfkc.hcp.centralindia.azmk8s.io",
            "http_application_routing_enabled": false,
            "http_application_routing_zone_name": "",
            "http_proxy_config": [],
            "id": "/subscriptions/f2a9d021-fbf6-46e8-960f-e470c58952a4/resourceGroups/RG-02/providers/Microsoft.ContainerService/managedClusters/Banking-App-Cluster121",
            "identity": [
              {
                "identity_ids": null,
                "principal_id": "bd09fc3e-55f8-445c-881e-694e3720ffde",
                "tenant_id": "12f72ca4-a704-4f4c-bc1b-6e41d1371ab9",
                "type": "SystemAssigned"
              }
            ],
            "image_cleaner_enabled": null,
            "image_cleaner_interval_hours": null,
            "ingress_application_gateway": [],
            "key_management_service": [],
            "key_vault_secrets_provider": [],
            "kube_admin_config": [],
            "kube_admin_config_raw": "",
            "kube_config": [
              {
                "client_certificate": "LS0tLS1CRUdJTiBDRVJUSUZJQ0FURS0tLS0tCk1JSUZIakNDQXdhZ0F3SUJBZ0lSQUlSbE1oem04akY4UzZwZE8rS2Fzakl3RFFZSktvWklodmNOQVFFTEJRQXcKRFRFTE1Ba0dBMVVFQXhNQ1kyRXdIaGNOTWpZd09ESTBNVEkxTURVM1doY05Namd3T0RJME1UTXdNRFUzV2pBdwpNUmN3RlFZRFZRUUtFdzV6ZVhOMFpXMDZiV0Z6ZEdWeWN6RVZNQk1HQTFVRUF4TU1iV0Z6ZEdWeVkyeHBaVzUwCk1JSUNJakFOQmdrcWhraUc5dzBCQVFFRkFBT0NBZzhBTUlJQ0NnS0NBZ0VBejVkeDRUakp6UmcwTXRERTRWc2cKcFc0S25tSjFtZm82WFVIRU51OVZDN2xaVEZ6TXc5engxeXdwOHpJY2pQQnZPbmZlTnJId3cwVFlGNzJYYUE3ego5dlg2VC9UbFQ4MWZFeWNsUW5KbUJ1Zi9hVU9NZ2p3NERablQzZTVFaDhiczN0aUhoWHNOeS9ZdUd2bkFLNFZVClZRR3B0RU9sdmRSQjVpS0hQbTg4cnBnUmk0Tk9HVWlwVXF0aTlxcGNUWThMKzdOYUZ1NGZCbCt4ZTh5aVhhZXMKekx0eVlxcjVYT05xajRJK3QvUUJ1U3hKSURrSDJPRnJyMm9MWDFxYmNzZmpTWnI3UzdialIrME9DOXNLMWZ5Mgpvcmo2aTVVOTJpdGVJd0U1YTRXNkFzZCtkeGkxUEhrQ05SNVJ5c0dOSXA4TGtzM05IeFN3NjRUL1BmM3kzMW05Cm5NWmJRUWNER0YxTGZKSVRudWdKb0hMaEphdGZQMjIxVmx5a1lKZHk1dGcxS1JFUW1Ecm9WZjRJWTBMM0dXTW8KMHF5bWF6ajhpb01OS0xnT2xSQlp2Vm9CUjlMUHp6MUpveHhGa1VaZ3cwUEpaZmVodllncEpucnh6UXlkakV5NApMdXFOTzl1UGlqOWRTYnZDNk5iT3ZsSkpNc1R6S0NOY0lmTEZ3UHpKOEY0Y1ovVkpEZFloMnRWQ2VqWUM1SXJ3Ck52NGVKNU5lSVA4NWF2WElnelNrLzVtS1hYWCswakdabTNYczU2RTBhVTZKK0hVQy91RlRGc2NpSERCQ3VVWXAKQzZCZUt5REpCUlhmWU1UWFUxQmtVcjFGT1RVd3Z0YkphaWlDRXV6YzRFL3RJSUx4UWNoZ0VFcEN4Y2U5Wm1XRQptOEJwM3hyb2hvWDhNTW13eGJWZy9YY0NBd0VBQWFOV01GUXdEZ1lEVlIwUEFRSC9CQVFEQWdXZ01CTUdBMVVkCkpRUU1NQW9HQ0NzR0FRVUZCd01DTUF3R0ExVWRFd0VCL3dRQ01BQXdId1lEVlIwakJCZ3dGb0FVcnh4RmFsdGEKK0NCTjhRWE8zWE10Mmp3cDh2NHdEUVlKS29aSWh2Y05BUUVMQlFBRGdnSUJBSDM0S2orOTNVZ3ZUYWVJVmlscApNL2NTK3NSQk1mNGhROCtWeURCekNGc3VnZXdvWXl1Sk81TXkvYWxkcU00K0JyUWVydVhaRHhRZ1J5ZWk5NFBSCnMwNmd2TkVkQkNCOFlzYUhhbElVdWhOdW1RUDZOZnpIZDR2eVdQd2tCSFhQeEVxdE5HaUUyWDN5aStJUHBrcnIKWTM5Tm1TRThwZWhnZFBMMkVzVG5XaDlvV0R5cWJoOXZJQUFGYS81Y1FxK1Z6UW5hWjN5L2R5WEk2WlF0UGNreQpwKzlsVGZkVWUyenhFb1FycTRrR1M4MnNkN2ZjNnpnd3ZrYkIxaWdlVU85SkZCUWJmK0ZUN3VMRUh0eGk5Zis2CkN2U1V6S281cVp3ZGZObzFCTWJZSEZ0cVZKaW9MTTdZbmROeW5CeCtGSXdNa1lLT2h2VEFxWFNNMHlxREtkQ2cKTjB3ZGNzV2wvM3lrQ2pXN0VEdVE0UWRDd1g4T2RFQlptK09OYzQ1TFNzVUVlMGZkS1NyMURWQ1hVWDdyZ004YgpScFhjZ2tRR3UrRFJCRndSQ0MyTDVVcWNuWFhFclBJMWFJOHI4eTJ1VWVjWDRZVmgvUDU5UXNnZTc0ZDlUQmwvCnBxT1lwSW5IWXZGUThDZnc4YWl4dGltdmRuUTZvdTNxS3ZWYXR2QnJYVmZBU2pGQmtBYmh1Y1RCSVRXU0hUUCsKbEVxbnhacjhIaXRRYWV4MFBPUUZSOHV0Uk9jWDQ0RklGWFVvU09xcjdhdGNETWQ2bU1lK2piYXVCYk5pZnhoWQowdVJ0c25MOXB2MTkzaFlTdWhibm5uTmZhczU0MjlEa3ltd0tySEVrdGpTZ3Y4UzZJQUFHQzgvQnFCaHpqK3NtCldrdXlHZGdFVmE1dzNEdy9hNUhicWJYTAotLS0tLUVORCBDRVJUSUZJQ0FURS0tLS0tCg==",
                "client_key": "LS0tLS1CRUdJTiBSU0EgUFJJVkFURSBLRVktLS0tLQpNSUlKS1FJQkFBS0NBZ0VBejVkeDRUakp6UmcwTXRERTRWc2dwVzRLbm1KMW1mbzZYVUhFTnU5VkM3bFpURnpNCnc5engxeXdwOHpJY2pQQnZPbmZlTnJId3cwVFlGNzJYYUE3ejl2WDZUL1RsVDgxZkV5Y2xRbkptQnVmL2FVT00KZ2p3NERablQzZTVFaDhiczN0aUhoWHNOeS9ZdUd2bkFLNFZVVlFHcHRFT2x2ZFJCNWlLSFBtODhycGdSaTROTwpHVWlwVXF0aTlxcGNUWThMKzdOYUZ1NGZCbCt4ZTh5aVhhZXN6THR5WXFyNVhPTnFqNEkrdC9RQnVTeEpJRGtICjJPRnJyMm9MWDFxYmNzZmpTWnI3UzdialIrME9DOXNLMWZ5Mm9yajZpNVU5Mml0ZUl3RTVhNFc2QXNkK2R4aTEKUEhrQ05SNVJ5c0dOSXA4TGtzM05IeFN3NjRUL1BmM3kzMW05bk1aYlFRY0RHRjFMZkpJVG51Z0pvSExoSmF0ZgpQMjIxVmx5a1lKZHk1dGcxS1JFUW1Ecm9WZjRJWTBMM0dXTW8wcXltYXpqOGlvTU5LTGdPbFJCWnZWb0JSOUxQCnp6MUpveHhGa1VaZ3cwUEpaZmVodllncEpucnh6UXlkakV5NEx1cU5POXVQaWo5ZFNidkM2TmJPdmxKSk1zVHoKS0NOY0lmTEZ3UHpKOEY0Y1ovVkpEZFloMnRWQ2VqWUM1SXJ3TnY0ZUo1TmVJUDg1YXZYSWd6U2svNW1LWFhYKwowakdabTNYczU2RTBhVTZKK0hVQy91RlRGc2NpSERCQ3VVWXBDNkJlS3lESkJSWGZZTVRYVTFCa1VyMUZPVFV3CnZ0YkphaWlDRXV6YzRFL3RJSUx4UWNoZ0VFcEN4Y2U5Wm1XRW04QnAzeHJvaG9YOE1NbXd4YlZnL1hjQ0F3RUEKQVFLQ0FnQUxTZ1ViWm1jekRCbnFtWWZiYVlWQStkY0IvZ0MvT3VocG9lWDF4dFl0S1FzK0o5M0syUDBkNG56MQppTWdjc2dhYWUySk9QeWNFdDMyNDdNcUxFaVVhVFE0cnd2bWxlVm11UlBhMXdscmlEVVBLaWEzZWR6L2xIWFIwCklUMEExVVNVYWRvVTNEaEgyejl1b0I1ZlA0VHlpb0NjR1FHdWJSaVlWMUJiaU5rWDlaVWVyU2xXSHFsMm9YTmsKVHFkdVlGVWFmd3ByTE0vckhORWVGbWJPQ1F4UXBmRDJoSzNDNjJza0dzVW1ZOUtrSzFCZXZEczlCQ1ZEQ05WTgpmalB0N2dqaU85ZG1xcTk1ZmQ3QnJrdk1qMDJ2VTdmc1YxVmh3L0grblZadURudXJJd1l4bTlwZlM0VmZOaUxrCmo5b0pBL1V4S3BmNUZMcjZVK1U5amMzamI1SHNGNU9XQ1RKd2g3MFE4YmNJdS9yM0pUZSthczUwYWRiQTVsVWgKOUlpV3owWVB6ZVlBTExiM0tOcnBnNG1pV2wwNkVMbitBd1BaRnZnTEJ5eVZFK0NJK2pIU0NGbG9jV05GTkd5UgpwcTcvTDJyUGNZSmxiUWozSEpYSjA1czBva3ZiZHBraHVkOUk2bDAyZUtkSFhmVkRUcmVlQlFsNTRXNnhYQis5Cm9vcHl0bUlpSXVGNkZiTldUWkZzMUpaUDNQSm05cWNCZTB3OWRueURNMlZQSnMyYllwL0FHdmdlUUNzRlYvMEwKWFk4NW1FdDFISURiMnNDaEtlSWp0MUZnbFIzQTFOZE5taWl3SWYwbnA4Si9LNlFmZnNEbUE4OTJ4bG5zRXBRNgpMWFdvWkZrb3JrNjB0RzlMNmI5eWo4ZGpQUWd4eVBYVkZ4MEdiVWc2M29IS1Y1bjBRUUtDQVFFQThaT3NKZ2dYCjlwb1FlMnBZeDFzdW5EUU01alY5b1FWQ2dpbnVla3M5cGZxa0txbkdhb0tZMkNTUnZNOUxiZk9EOUdkdFJwNlMKK1ZzT3dKQ2pMdFN4a2VGTWE0SGtBdlJNL1kwVVBWemZrTklud2trK01WcUpjQWlMemZDcjVXWVQwZmxmeUZSYQpWRVRRbnAyMDV4YkpWVCtEblR2blZ6VkxPUDVZdkh4RVJCZDBtOUFid3hGMkkwOVFJamkzN0FsVkFrT3pNWlU1Cks4MEJOcU00RCtjVTNUUHMxTlFobG5XRkhBQXdYQXNhY1oxR1NPcjJUMEhPbTRHZXMrTVkvZ21hOG1CY2Ixc0gKaWdSNmZkckovQ2hIQzVabzVzTXBEUlRPOGIxdFd1bTNtR3o0V2VrS3pORjM1dDM4UXNsVjFYV3crTkVBZUtDTgo5OWJPYWtONWszYjBhUUtDQVFFQTIveFZDYjdULzI1dG5OY1Jub3hSRWpzTzBYU0VBVk9tNGMxMXVyV2ttK1lkCkxtT0NtMDR3Rm9ObG1wM0Jtbkl3SDYwZ0VMQnJhVzlNNE5KbDdKdjRWZHZmRnk3VTUxR3p6cmdOVW9XZmJuRGMKTmNuRzdBcGRieDdQWGVzMURlMytNQmhLTUhjSlRLRjJybWIvUkxnblJUdFdVN1l1Zk0rVXVrWkdlSnlZTjQxagpuaXRNN1FrMXpCMkQzUGxERmJCTWdMMXRDSmU0T1AzMlFHYm9Bc2l0aFR3WkZ2TnY4R0lLRVZsZVRVNjRWOUlwCmFYQTIyMHg1c2lSQkMyRVI0V0gxTytxclAzekVMWVc4UTJKUzMxalc2SWhDQ0lEdjRCRHl6MC94QTNPK2pYRGEKNlFFYVVBYytZZ0RIUnNDMGwwZ3RwRWpaRzJDUjBUQUJFQlIwaTFhbTN3S0NBUUJsYkdWN05peXhhUytBVVQ3aQp2QUtPckQrNkt6MEtiSVhtMWluOGlEaGl4aDlFbGpEcXFOZjQ3eW1NeHM5WlkwTEVTdVFUSVNKOXRHQTJNc09BCk51WXlaQS9NbHlVZXBHanFqdCt2ZjUyUlZOcENkTE82enRNakNVT0EvQWwvYjJMazVqanpoNDdCRUg4eUNPNVoKa3pTR0tQdGQrVGVBWXF5cFNnZ0JZbjdhdzZvK2ZKb2JST3AvbXAzL01DYnYzMThrYXo0QmxEQURscmRxdEE0bQpoeE00WjhPSCsyUDZvbTUzT2hFVG84bS9aNU9KcTdRcnhHbzAyYS9Dd0piT21VUEhmUE55QVJyaU5FMGxKOFZqCnE1bGdZUTY3eTdZaGV0b0RuazhhTzBQTXAvdUE3Qm1Qc21ZUHRLVmplTm9qbTV6b2FmOHpwZHpVOEFlTGo3YXMKVmVYNUFvSUJBUUNOenhqbWdseFpFYytaUms3MlhNKzZKOVlDa2RDeXBrRXkyR2FuS0libmRLeWxCY0xnNk1NNQpFQlVFV2VPKzh4TXdxRUsrWDJ1dWVQQWZFYUpncDU2cmdtUktwb2JhWXlHOUJZcVpBc2htd2x4Q1ZFTm1UN3d4CmNMUU9nQndnVWFZRlRQTXVVTjN1eHpzaGJBWHNQNllaREFvM1JuNnJPSWxRbHhMQWwzbk1mZG1VMGFieU9uaXkKanVnOUgzWHVXa3JHeHRXdHIxZ3piUXM4TXRvblNVUUtXbFoySkJHcDdSaytXOVRka3Z4a3FIYkhvRzNNYW4wYwpxQ0JCL0o0eEl4dWFOMG1UVUpPS0lPYmVyVmhzMy9FUnp4eDZMTnYxSGhmWUtsbGNkMVdFQ2hja0V2RHFXL0VMCjdpS0g2cHUvMWVpT09lT3lzVXJ1aGJwNXFpWUMyS1lUQW9JQkFRQ1RaTmRESGxUcWJzYzY1ckpWMWxwT0JNTloKV1NSMDA2Rkl2VHZzbnlTVzB4Q1B6RTdLRUpYMzRaWjJIMTlQbmJ0VnNsc2swL1pOQUdHeHBENUoxSGYrNDVwNwp2cEFWNFhlbEpUQjBpTWtQUUZUZjNjbU1LUkQ4dmtraU1QMG1XOTlSaXVDcCtyazEwQjhhdW5wbVNoNDBuOXFRCkswODhlTDZGSnFKN0ozOXk4QnF6WU5GQW5EUUVIREpIQjBpUmJ5empSbFVORHNtNDAxRFpqSWZMQWVHMm43VlAKbktSRmlhdkE5OXBsNy81cFZPbURDNlFVMWN4MENzTXM4UG9mNDJRYy9LeENMZnd3MHhrY0poc29SNmtlZDM1dQpmN0hFWE1ucUlvSGczaXMzeEdFSEpwOVRKUlgxSWltNnMvdEVVT3dsaEVVZnFwZEFNUFJUc3psVzltQ1QKLS0tLS1FTkQgUlNBIFBSSVZBVEUgS0VZLS0tLS0K",
                "cluster_ca_certificate": "LS0tLS1CRUdJTiBDRVJUSUZJQ0FURS0tLS0tCk1JSUU2RENDQXRDZ0F3SUJBZ0lRTEx5ZHZ6VzJ3VzZYYXBJTUtEbTZqREFOQmdrcWhraUc5dzBCQVFzRkFEQU4KTVFzd0NRWURWUVFERXdKallUQWdGdzB5TmpBNE1qUXhNalV3TlRkYUdBOHlNRFUyTURneU5ERXpNREExTjFvdwpEVEVMTUFrR0ExVUVBeE1DWTJFd2dnSWlNQTBHQ1NxR1NJYjNEUUVCQVFVQUE0SUNEd0F3Z2dJS0FvSUNBUUNxCkZTaGVsODJUL2YySWJOcmIwZ1MxU1NNUTE2anZUQUw1RlNCbGhQejl1ZytJUUxkL09TY0ZXc0lGaS9MTmpoTzYKeWttVVVCQnBuYW1jL2JFUFpqTnA1c2FVVU9YdTU3OGlURVB5QUc2b1g3WlgwbmI1dDNWZHNFR25sTVNCNWlLSAo3QjVCN3lVRThpazdNTm9zQXgzSUNlcGtXZDd4NlBnQmYyZUxZY0FkM21SRDdtcTZrdFJJbEM4NHdiNEJPSStkCjFQVkMxeXJHaTYrSUVZdUV0a0lubmd0YjdpZTd4UUZvZDFqVlJMQTV4VTNmUHVrY1pGcTRzc0ZUTDZZS1lqb3oKU0FHdDBzUmhEN0pHZm5TQnE4dSt4dkdLY3o5cDZKRmNGWnhjaXh3TEJwWjAyVStvdDlhU0sxaXlkMU9UMTZCWAo3a01PQWQ2ajAvSi8zVnVyR1A5L25rOXY1eTg5c1dGR1Q4UGNBUVhVa0gxSlBtWXZiclg1SVlvMUlMSGlWbVpLCmFnWitrUEpJcU90NG52V1ZTYnFXQ0c2NitWcDZHV0l1cEdwMEU0OHFjWVVENFZYVkZrMFA5L3dpNGJSOTM2cXUKQklsU2JsUkJVMzdtTDNYM3dKdFl6andGaER6RGFGSm9FUVY4ZWRvUVRheWJocFhmZ3BjU3p0cWVVL0RKcGNMMwpkUjdNS0t3TTg1bXcwZDBEZmpndW4vbWJXNWFiRDFja2FjQkdEMGNabnUzelZ4KzZ5ZUdFV29EaVUzNzk0eVNjCjFKamdtSk5vZ3hzTEdLOWU5Sno4bkxmc0liSGFLTmRWaDNhWDFTNWRFSGEyUWpLZ0dFR3dHWUFsdWhEM1VZbTcKKzVucTVzT3VGUmY2QUlTUEEyQkljODY4am5adUswd3Q2ekthU2RZVDR3SURBUUFCbzBJd1FEQU9CZ05WSFE4QgpBZjhFQkFNQ0FxUXdEd1lEVlIwVEFRSC9CQVV3QXdFQi96QWRCZ05WSFE0RUZnUVVyeHhGYWx0YStDQk44UVhPCjNYTXQyandwOHY0d0RRWUpLb1pJaHZjTkFRRUxCUUFEZ2dJQkFCcVd6UXpZd1g4dUV3S0RvNUxIc1lDMmtXTW8KaDRZS1dwUUdKanJqRk1hUTBaUkgwWTk5Rkx4aHdKUWVkZWZuSzdNdEgxbDVoV1BPT1lscGFrYld3djhmT1dURgpuVno5SGRxNkJKdmxTaTNzbzJwWjJVMmpIZk9FRjNIdFZ3c0gxcHJKaXJjRmVuTVhMTUNJRkQ4NGdhVkpGVy83Cmt0alFJbGJGM3Y1THNPOHBJcnM5Vkp5TFJ0YjRTcnFVcUhLbTJIVjlhV2Qrcy9nUG5KRjdhRWYzaExSQk1NR1oKcTFMaHVlUXA1RnN4a081c2tGS211QlJhbThTcFJ5RDhhaDd0ZVI5WEtFSE16R2tiOUVCQWZ1WHVYd3c2WktPawpENSs4MmNiTlc0SXVlMWhvdW1CZ3ZhVVh4QVZhblRhbGFJdEI0MHB5eHdxazBxdlBmN1ZidDdtelNZRWVpUmRBCnNWeHlWNXNFcVBOZW9MRjUxaGJrcXhmL2I1MThqWTZoZHZpdjVEZml1TUJGMXc2aTRHQ0NnS3hXaFl0cTAwOU8KWHhia1MzWGZseTJBMkZWenlpVitUL3hYZ1dDOWVHajFKajVLM3F0NzViNTc3R0h4NXU5UDFOVHNtYTM5SjlzUgpjNCtMWHVTTklYTmFTcCtVZXRSSXpnYVdyUnpDckowNlB1cnZ0d2o2STJNT3J2WkxKREtuNzdIR0h6akoyL25xClhXRXlpNDVCZWVCWUI0czl0Y0Uwc2s2N1RvRHA4YXVHL2tnZktKYnpLVCtvTkZSbnFnVVBuaFUzY3c3UE5WejIKL2tGMmYveStEUmEwcUhCT3V1aDhLT2lKSXZ5VDBDalhiTkcvb3Q5TkIwcTRMZEpwaWlHbVQwRm5GS29Xbm1tLwpzalJTSnAzYllGTjZQZkZnCi0tLS0tRU5EIENFUlRJRklDQVRFLS0tLS0K",
                "host": "https://banking-app-dev001-jdngmfkc.hcp.centralindia.azmk8s.io:443",
                "password": "u212g3fb5j7jg06rgtf5r2u7gk6hjbj1ix8c9m2ovgkjv6ihpuzlu2mqasob176e28zw0cqlnqhmm26s4nsawugl9klfw329g9xn3s9gvajbiz6r65yq4k6i71r7bdu9",
                "username": "clusterUser_RG-02_Banking-App-Cluster121"
              }
            ],
            "kube_config_raw": "apiVersion: v1\nclusters:\n- cluster:\n    certificate-authority-data: LS0tLS1CRUdJTiBDRVJUSUZJQ0FURS0tLS0tCk1JSUU2RENDQXRDZ0F3SUJBZ0lRTEx5ZHZ6VzJ3VzZYYXBJTUtEbTZqREFOQmdrcWhraUc5dzBCQVFzRkFEQU4KTVFzd0NRWURWUVFERXdKallUQWdGdzB5TmpBNE1qUXhNalV3TlRkYUdBOHlNRFUyTURneU5ERXpNREExTjFvdwpEVEVMTUFrR0ExVUVBeE1DWTJFd2dnSWlNQTBHQ1NxR1NJYjNEUUVCQVFVQUE0SUNEd0F3Z2dJS0FvSUNBUUNxCkZTaGVsODJUL2YySWJOcmIwZ1MxU1NNUTE2anZUQUw1RlNCbGhQejl1ZytJUUxkL09TY0ZXc0lGaS9MTmpoTzYKeWttVVVCQnBuYW1jL2JFUFpqTnA1c2FVVU9YdTU3OGlURVB5QUc2b1g3WlgwbmI1dDNWZHNFR25sTVNCNWlLSAo3QjVCN3lVRThpazdNTm9zQXgzSUNlcGtXZDd4NlBnQmYyZUxZY0FkM21SRDdtcTZrdFJJbEM4NHdiNEJPSStkCjFQVkMxeXJHaTYrSUVZdUV0a0lubmd0YjdpZTd4UUZvZDFqVlJMQTV4VTNmUHVrY1pGcTRzc0ZUTDZZS1lqb3oKU0FHdDBzUmhEN0pHZm5TQnE4dSt4dkdLY3o5cDZKRmNGWnhjaXh3TEJwWjAyVStvdDlhU0sxaXlkMU9UMTZCWAo3a01PQWQ2ajAvSi8zVnVyR1A5L25rOXY1eTg5c1dGR1Q4UGNBUVhVa0gxSlBtWXZiclg1SVlvMUlMSGlWbVpLCmFnWitrUEpJcU90NG52V1ZTYnFXQ0c2NitWcDZHV0l1cEdwMEU0OHFjWVVENFZYVkZrMFA5L3dpNGJSOTM2cXUKQklsU2JsUkJVMzdtTDNYM3dKdFl6andGaER6RGFGSm9FUVY4ZWRvUVRheWJocFhmZ3BjU3p0cWVVL0RKcGNMMwpkUjdNS0t3TTg1bXcwZDBEZmpndW4vbWJXNWFiRDFja2FjQkdEMGNabnUzelZ4KzZ5ZUdFV29EaVUzNzk0eVNjCjFKamdtSk5vZ3hzTEdLOWU5Sno4bkxmc0liSGFLTmRWaDNhWDFTNWRFSGEyUWpLZ0dFR3dHWUFsdWhEM1VZbTcKKzVucTVzT3VGUmY2QUlTUEEyQkljODY4am5adUswd3Q2ekthU2RZVDR3SURBUUFCbzBJd1FEQU9CZ05WSFE4QgpBZjhFQkFNQ0FxUXdEd1lEVlIwVEFRSC9CQVV3QXdFQi96QWRCZ05WSFE0RUZnUVVyeHhGYWx0YStDQk44UVhPCjNYTXQyandwOHY0d0RRWUpLb1pJaHZjTkFRRUxCUUFEZ2dJQkFCcVd6UXpZd1g4dUV3S0RvNUxIc1lDMmtXTW8KaDRZS1dwUUdKanJqRk1hUTBaUkgwWTk5Rkx4aHdKUWVkZWZuSzdNdEgxbDVoV1BPT1lscGFrYld3djhmT1dURgpuVno5SGRxNkJKdmxTaTNzbzJwWjJVMmpIZk9FRjNIdFZ3c0gxcHJKaXJjRmVuTVhMTUNJRkQ4NGdhVkpGVy83Cmt0alFJbGJGM3Y1THNPOHBJcnM5Vkp5TFJ0YjRTcnFVcUhLbTJIVjlhV2Qrcy9nUG5KRjdhRWYzaExSQk1NR1oKcTFMaHVlUXA1RnN4a081c2tGS211QlJhbThTcFJ5RDhhaDd0ZVI5WEtFSE16R2tiOUVCQWZ1WHVYd3c2WktPawpENSs4MmNiTlc0SXVlMWhvdW1CZ3ZhVVh4QVZhblRhbGFJdEI0MHB5eHdxazBxdlBmN1ZidDdtelNZRWVpUmRBCnNWeHlWNXNFcVBOZW9MRjUxaGJrcXhmL2I1MThqWTZoZHZpdjVEZml1TUJGMXc2aTRHQ0NnS3hXaFl0cTAwOU8KWHhia1MzWGZseTJBMkZWenlpVitUL3hYZ1dDOWVHajFKajVLM3F0NzViNTc3R0h4NXU5UDFOVHNtYTM5SjlzUgpjNCtMWHVTTklYTmFTcCtVZXRSSXpnYVdyUnpDckowNlB1cnZ0d2o2STJNT3J2WkxKREtuNzdIR0h6akoyL25xClhXRXlpNDVCZWVCWUI0czl0Y0Uwc2s2N1RvRHA4YXVHL2tnZktKYnpLVCtvTkZSbnFnVVBuaFUzY3c3UE5WejIKL2tGMmYveStEUmEwcUhCT3V1aDhLT2lKSXZ5VDBDalhiTkcvb3Q5TkIwcTRMZEpwaWlHbVQwRm5GS29Xbm1tLwpzalJTSnAzYllGTjZQZkZnCi0tLS0tRU5EIENFUlRJRklDQVRFLS0tLS0K\n    server: https://banking-app-dev001-jdngmfkc.hcp.centralindia.azmk8s.io:443\n  name: Banking-App-Cluster121\ncontexts:\n- context:\n    cluster: Banking-App-Cluster121\n    user: clusterUser_RG-02_Banking-App-Cluster121\n  name: Banking-App-Cluster121\ncurrent-context: Banking-App-Cluster121\nkind: Config\nusers:\n- name: clusterUser_RG-02_Banking-App-Cluster121\n  user:\n    client-certificate-data: LS0tLS1CRUdJTiBDRVJUSUZJQ0FURS0tLS0tCk1JSUZIakNDQXdhZ0F3SUJBZ0lSQUlSbE1oem04akY4UzZwZE8rS2Fzakl3RFFZSktvWklodmNOQVFFTEJRQXcKRFRFTE1Ba0dBMVVFQXhNQ1kyRXdIaGNOTWpZd09ESTBNVEkxTURVM1doY05Namd3T0RJME1UTXdNRFUzV2pBdwpNUmN3RlFZRFZRUUtFdzV6ZVhOMFpXMDZiV0Z6ZEdWeWN6RVZNQk1HQTFVRUF4TU1iV0Z6ZEdWeVkyeHBaVzUwCk1JSUNJakFOQmdrcWhraUc5dzBCQVFFRkFBT0NBZzhBTUlJQ0NnS0NBZ0VBejVkeDRUakp6UmcwTXRERTRWc2cKcFc0S25tSjFtZm82WFVIRU51OVZDN2xaVEZ6TXc5engxeXdwOHpJY2pQQnZPbmZlTnJId3cwVFlGNzJYYUE3ego5dlg2VC9UbFQ4MWZFeWNsUW5KbUJ1Zi9hVU9NZ2p3NERablQzZTVFaDhiczN0aUhoWHNOeS9ZdUd2bkFLNFZVClZRR3B0RU9sdmRSQjVpS0hQbTg4cnBnUmk0Tk9HVWlwVXF0aTlxcGNUWThMKzdOYUZ1NGZCbCt4ZTh5aVhhZXMKekx0eVlxcjVYT05xajRJK3QvUUJ1U3hKSURrSDJPRnJyMm9MWDFxYmNzZmpTWnI3UzdialIrME9DOXNLMWZ5Mgpvcmo2aTVVOTJpdGVJd0U1YTRXNkFzZCtkeGkxUEhrQ05SNVJ5c0dOSXA4TGtzM05IeFN3NjRUL1BmM3kzMW05Cm5NWmJRUWNER0YxTGZKSVRudWdKb0hMaEphdGZQMjIxVmx5a1lKZHk1dGcxS1JFUW1Ecm9WZjRJWTBMM0dXTW8KMHF5bWF6ajhpb01OS0xnT2xSQlp2Vm9CUjlMUHp6MUpveHhGa1VaZ3cwUEpaZmVodllncEpucnh6UXlkakV5NApMdXFOTzl1UGlqOWRTYnZDNk5iT3ZsSkpNc1R6S0NOY0lmTEZ3UHpKOEY0Y1ovVkpEZFloMnRWQ2VqWUM1SXJ3Ck52NGVKNU5lSVA4NWF2WElnelNrLzVtS1hYWCswakdabTNYczU2RTBhVTZKK0hVQy91RlRGc2NpSERCQ3VVWXAKQzZCZUt5REpCUlhmWU1UWFUxQmtVcjFGT1RVd3Z0YkphaWlDRXV6YzRFL3RJSUx4UWNoZ0VFcEN4Y2U5Wm1XRQptOEJwM3hyb2hvWDhNTW13eGJWZy9YY0NBd0VBQWFOV01GUXdEZ1lEVlIwUEFRSC9CQVFEQWdXZ01CTUdBMVVkCkpRUU1NQW9HQ0NzR0FRVUZCd01DTUF3R0ExVWRFd0VCL3dRQ01BQXdId1lEVlIwakJCZ3dGb0FVcnh4RmFsdGEKK0NCTjhRWE8zWE10Mmp3cDh2NHdEUVlKS29aSWh2Y05BUUVMQlFBRGdnSUJBSDM0S2orOTNVZ3ZUYWVJVmlscApNL2NTK3NSQk1mNGhROCtWeURCekNGc3VnZXdvWXl1Sk81TXkvYWxkcU00K0JyUWVydVhaRHhRZ1J5ZWk5NFBSCnMwNmd2TkVkQkNCOFlzYUhhbElVdWhOdW1RUDZOZnpIZDR2eVdQd2tCSFhQeEVxdE5HaUUyWDN5aStJUHBrcnIKWTM5Tm1TRThwZWhnZFBMMkVzVG5XaDlvV0R5cWJoOXZJQUFGYS81Y1FxK1Z6UW5hWjN5L2R5WEk2WlF0UGNreQpwKzlsVGZkVWUyenhFb1FycTRrR1M4MnNkN2ZjNnpnd3ZrYkIxaWdlVU85SkZCUWJmK0ZUN3VMRUh0eGk5Zis2CkN2U1V6S281cVp3ZGZObzFCTWJZSEZ0cVZKaW9MTTdZbmROeW5CeCtGSXdNa1lLT2h2VEFxWFNNMHlxREtkQ2cKTjB3ZGNzV2wvM3lrQ2pXN0VEdVE0UWRDd1g4T2RFQlptK09OYzQ1TFNzVUVlMGZkS1NyMURWQ1hVWDdyZ004YgpScFhjZ2tRR3UrRFJCRndSQ0MyTDVVcWNuWFhFclBJMWFJOHI4eTJ1VWVjWDRZVmgvUDU5UXNnZTc0ZDlUQmwvCnBxT1lwSW5IWXZGUThDZnc4YWl4dGltdmRuUTZvdTNxS3ZWYXR2QnJYVmZBU2pGQmtBYmh1Y1RCSVRXU0hUUCsKbEVxbnhacjhIaXRRYWV4MFBPUUZSOHV0Uk9jWDQ0RklGWFVvU09xcjdhdGNETWQ2bU1lK2piYXVCYk5pZnhoWQowdVJ0c25MOXB2MTkzaFlTdWhibm5uTmZhczU0MjlEa3ltd0tySEVrdGpTZ3Y4UzZJQUFHQzgvQnFCaHpqK3NtCldrdXlHZGdFVmE1dzNEdy9hNUhicWJYTAotLS0tLUVORCBDRVJUSUZJQ0FURS0tLS0tCg==\n    client-key-data: LS0tLS1CRUdJTiBSU0EgUFJJVkFURSBLRVktLS0tLQpNSUlKS1FJQkFBS0NBZ0VBejVkeDRUakp6UmcwTXRERTRWc2dwVzRLbm1KMW1mbzZYVUhFTnU5VkM3bFpURnpNCnc5engxeXdwOHpJY2pQQnZPbmZlTnJId3cwVFlGNzJYYUE3ejl2WDZUL1RsVDgxZkV5Y2xRbkptQnVmL2FVT00KZ2p3NERablQzZTVFaDhiczN0aUhoWHNOeS9ZdUd2bkFLNFZVVlFHcHRFT2x2ZFJCNWlLSFBtODhycGdSaTROTwpHVWlwVXF0aTlxcGNUWThMKzdOYUZ1NGZCbCt4ZTh5aVhhZXN6THR5WXFyNVhPTnFqNEkrdC9RQnVTeEpJRGtICjJPRnJyMm9MWDFxYmNzZmpTWnI3UzdialIrME9DOXNLMWZ5Mm9yajZpNVU5Mml0ZUl3RTVhNFc2QXNkK2R4aTEKUEhrQ05SNVJ5c0dOSXA4TGtzM05IeFN3NjRUL1BmM3kzMW05bk1aYlFRY0RHRjFMZkpJVG51Z0pvSExoSmF0ZgpQMjIxVmx5a1lKZHk1dGcxS1JFUW1Ecm9WZjRJWTBMM0dXTW8wcXltYXpqOGlvTU5LTGdPbFJCWnZWb0JSOUxQCnp6MUpveHhGa1VaZ3cwUEpaZmVodllncEpucnh6UXlkakV5NEx1cU5POXVQaWo5ZFNidkM2TmJPdmxKSk1zVHoKS0NOY0lmTEZ3UHpKOEY0Y1ovVkpEZFloMnRWQ2VqWUM1SXJ3TnY0ZUo1TmVJUDg1YXZYSWd6U2svNW1LWFhYKwowakdabTNYczU2RTBhVTZKK0hVQy91RlRGc2NpSERCQ3VVWXBDNkJlS3lESkJSWGZZTVRYVTFCa1VyMUZPVFV3CnZ0YkphaWlDRXV6YzRFL3RJSUx4UWNoZ0VFcEN4Y2U5Wm1XRW04QnAzeHJvaG9YOE1NbXd4YlZnL1hjQ0F3RUEKQVFLQ0FnQUxTZ1ViWm1jekRCbnFtWWZiYVlWQStkY0IvZ0MvT3VocG9lWDF4dFl0S1FzK0o5M0syUDBkNG56MQppTWdjc2dhYWUySk9QeWNFdDMyNDdNcUxFaVVhVFE0cnd2bWxlVm11UlBhMXdscmlEVVBLaWEzZWR6L2xIWFIwCklUMEExVVNVYWRvVTNEaEgyejl1b0I1ZlA0VHlpb0NjR1FHdWJSaVlWMUJiaU5rWDlaVWVyU2xXSHFsMm9YTmsKVHFkdVlGVWFmd3ByTE0vckhORWVGbWJPQ1F4UXBmRDJoSzNDNjJza0dzVW1ZOUtrSzFCZXZEczlCQ1ZEQ05WTgpmalB0N2dqaU85ZG1xcTk1ZmQ3QnJrdk1qMDJ2VTdmc1YxVmh3L0grblZadURudXJJd1l4bTlwZlM0VmZOaUxrCmo5b0pBL1V4S3BmNUZMcjZVK1U5amMzamI1SHNGNU9XQ1RKd2g3MFE4YmNJdS9yM0pUZSthczUwYWRiQTVsVWgKOUlpV3owWVB6ZVlBTExiM0tOcnBnNG1pV2wwNkVMbitBd1BaRnZnTEJ5eVZFK0NJK2pIU0NGbG9jV05GTkd5UgpwcTcvTDJyUGNZSmxiUWozSEpYSjA1czBva3ZiZHBraHVkOUk2bDAyZUtkSFhmVkRUcmVlQlFsNTRXNnhYQis5Cm9vcHl0bUlpSXVGNkZiTldUWkZzMUpaUDNQSm05cWNCZTB3OWRueURNMlZQSnMyYllwL0FHdmdlUUNzRlYvMEwKWFk4NW1FdDFISURiMnNDaEtlSWp0MUZnbFIzQTFOZE5taWl3SWYwbnA4Si9LNlFmZnNEbUE4OTJ4bG5zRXBRNgpMWFdvWkZrb3JrNjB0RzlMNmI5eWo4ZGpQUWd4eVBYVkZ4MEdiVWc2M29IS1Y1bjBRUUtDQVFFQThaT3NKZ2dYCjlwb1FlMnBZeDFzdW5EUU01alY5b1FWQ2dpbnVla3M5cGZxa0txbkdhb0tZMkNTUnZNOUxiZk9EOUdkdFJwNlMKK1ZzT3dKQ2pMdFN4a2VGTWE0SGtBdlJNL1kwVVBWemZrTklud2trK01WcUpjQWlMemZDcjVXWVQwZmxmeUZSYQpWRVRRbnAyMDV4YkpWVCtEblR2blZ6VkxPUDVZdkh4RVJCZDBtOUFid3hGMkkwOVFJamkzN0FsVkFrT3pNWlU1Cks4MEJOcU00RCtjVTNUUHMxTlFobG5XRkhBQXdYQXNhY1oxR1NPcjJUMEhPbTRHZXMrTVkvZ21hOG1CY2Ixc0gKaWdSNmZkckovQ2hIQzVabzVzTXBEUlRPOGIxdFd1bTNtR3o0V2VrS3pORjM1dDM4UXNsVjFYV3crTkVBZUtDTgo5OWJPYWtONWszYjBhUUtDQVFFQTIveFZDYjdULzI1dG5OY1Jub3hSRWpzTzBYU0VBVk9tNGMxMXVyV2ttK1lkCkxtT0NtMDR3Rm9ObG1wM0Jtbkl3SDYwZ0VMQnJhVzlNNE5KbDdKdjRWZHZmRnk3VTUxR3p6cmdOVW9XZmJuRGMKTmNuRzdBcGRieDdQWGVzMURlMytNQmhLTUhjSlRLRjJybWIvUkxnblJUdFdVN1l1Zk0rVXVrWkdlSnlZTjQxagpuaXRNN1FrMXpCMkQzUGxERmJCTWdMMXRDSmU0T1AzMlFHYm9Bc2l0aFR3WkZ2TnY4R0lLRVZsZVRVNjRWOUlwCmFYQTIyMHg1c2lSQkMyRVI0V0gxTytxclAzekVMWVc4UTJKUzMxalc2SWhDQ0lEdjRCRHl6MC94QTNPK2pYRGEKNlFFYVVBYytZZ0RIUnNDMGwwZ3RwRWpaRzJDUjBUQUJFQlIwaTFhbTN3S0NBUUJsYkdWN05peXhhUytBVVQ3aQp2QUtPckQrNkt6MEtiSVhtMWluOGlEaGl4aDlFbGpEcXFOZjQ3eW1NeHM5WlkwTEVTdVFUSVNKOXRHQTJNc09BCk51WXlaQS9NbHlVZXBHanFqdCt2ZjUyUlZOcENkTE82enRNakNVT0EvQWwvYjJMazVqanpoNDdCRUg4eUNPNVoKa3pTR0tQdGQrVGVBWXF5cFNnZ0JZbjdhdzZvK2ZKb2JST3AvbXAzL01DYnYzMThrYXo0QmxEQURscmRxdEE0bQpoeE00WjhPSCsyUDZvbTUzT2hFVG84bS9aNU9KcTdRcnhHbzAyYS9Dd0piT21VUEhmUE55QVJyaU5FMGxKOFZqCnE1bGdZUTY3eTdZaGV0b0RuazhhTzBQTXAvdUE3Qm1Qc21ZUHRLVmplTm9qbTV6b2FmOHpwZHpVOEFlTGo3YXMKVmVYNUFvSUJBUUNOenhqbWdseFpFYytaUms3MlhNKzZKOVlDa2RDeXBrRXkyR2FuS0libmRLeWxCY0xnNk1NNQpFQlVFV2VPKzh4TXdxRUsrWDJ1dWVQQWZFYUpncDU2cmdtUktwb2JhWXlHOUJZcVpBc2htd2x4Q1ZFTm1UN3d4CmNMUU9nQndnVWFZRlRQTXVVTjN1eHpzaGJBWHNQNllaREFvM1JuNnJPSWxRbHhMQWwzbk1mZG1VMGFieU9uaXkKanVnOUgzWHVXa3JHeHRXdHIxZ3piUXM4TXRvblNVUUtXbFoySkJHcDdSaytXOVRka3Z4a3FIYkhvRzNNYW4wYwpxQ0JCL0o0eEl4dWFOMG1UVUpPS0lPYmVyVmhzMy9FUnp4eDZMTnYxSGhmWUtsbGNkMVdFQ2hja0V2RHFXL0VMCjdpS0g2cHUvMWVpT09lT3lzVXJ1aGJwNXFpWUMyS1lUQW9JQkFRQ1RaTmRESGxUcWJzYzY1ckpWMWxwT0JNTloKV1NSMDA2Rkl2VHZzbnlTVzB4Q1B6RTdLRUpYMzRaWjJIMTlQbmJ0VnNsc2swL1pOQUdHeHBENUoxSGYrNDVwNwp2cEFWNFhlbEpUQjBpTWtQUUZUZjNjbU1LUkQ4dmtraU1QMG1XOTlSaXVDcCtyazEwQjhhdW5wbVNoNDBuOXFRCkswODhlTDZGSnFKN0ozOXk4QnF6WU5GQW5EUUVIREpIQjBpUmJ5empSbFVORHNtNDAxRFpqSWZMQWVHMm43VlAKbktSRmlhdkE5OXBsNy81cFZPbURDNlFVMWN4MENzTXM4UG9mNDJRYy9LeENMZnd3MHhrY0poc29SNmtlZDM1dQpmN0hFWE1ucUlvSGczaXMzeEdFSEpwOVRKUlgxSWltNnMvdEVVT3dsaEVVZnFwZEFNUFJUc3psVzltQ1QKLS0tLS1FTkQgUlNBIFBSSVZBVEUgS0VZLS0tLS0K\n    token: u212g3fb5j7jg06rgtf5r2u7gk6hjbj1ix8c9m2ovgkjv6ihpuzlu2mqasob176e28zw0cqlnqhmm26s4nsawugl9klfw329g9xn3s9gvajbiz6r65yq4k6i71r7bdu9\n",
            "kubelet_identity": [
              {
                "client_id": "067a52c5-15ec-41c7-a5a5-f1053d6b9a4c",
                "object_id": "a6332c00-f72b-4371-ae76-09b6e61cf561",
                "user_assigned_identity_id": "/subscriptions/f2a9d021-fbf6-46e8-960f-e470c58952a4/resourceGroups/MC_RG-02_Banking-App-Cluster121_centralindia/providers/Microsoft.ManagedIdentity/userAssignedIdentities/Banking-App-Cluster121-agentpool"
              }
            ],
            "kubernetes_version": "1.35",
            "linux_profile": [],
            "local_account_disabled": false,
            "location": "centralindia",
            "maintenance_window": [],
            "maintenance_window_auto_upgrade": [],
            "maintenance_window_node_os": [],
            "microsoft_defender": [],
            "monitor_metrics": [],
            "name": "Banking-App-Cluster121",
            "network_profile": [
              {
                "advanced_networking": [],
                "dns_service_ip": "172.16.0.10",
                "ip_versions": [
                  "IPv4"
                ],
                "load_balancer_profile": [
                  {
                    "backend_pool_type": "NodeIPConfiguration",
                    "effective_outbound_ips": [
                      "/subscriptions/f2a9d021-fbf6-46e8-960f-e470c58952a4/resourceGroups/MC_RG-02_Banking-App-Cluster121_centralindia/providers/Microsoft.Network/publicIPAddresses/93a68e6f-9127-4005-b4d7-5fd41a04e989"
                    ],
                    "idle_timeout_in_minutes": 0,
                    "managed_outbound_ip_count": 1,
                    "managed_outbound_ipv6_count": 0,
                    "outbound_ip_address_ids": [],
                    "outbound_ip_prefix_ids": [],
                    "outbound_ports_allocated": 0
                  }
                ],
                "load_balancer_sku": "standard",
                "nat_gateway_profile": [],
                "network_data_plane": "azure",
                "network_mode": "",
                "network_plugin": "azure",
                "network_plugin_mode": "",
                "network_policy": "",
                "outbound_type": "loadBalancer",
                "pod_cidr": "",
                "pod_cidrs": [],
                "service_cidr": "172.16.0.0/16",
                "service_cidrs": [
                  "172.16.0.0/16"
                ]
              }
            ],
            "node_os_upgrade_channel": "NodeImage",
            "node_provisioning_profile": [
              {
                "default_node_pools": "",
                "mode": "Manual"
              }
            ],
            "node_resource_group": "MC_RG-02_Banking-App-Cluster121_centralindia",
            "node_resource_group_id": "/subscriptions/f2a9d021-fbf6-46e8-960f-e470c58952a4/resourceGroups/MC_RG-02_Banking-App-Cluster121_centralindia",
            "oidc_issuer_enabled": true,
            "oidc_issuer_url": "https://centralindia.oic.prod-aks.azure.com/12f72ca4-a704-4f4c-bc1b-6e41d1371ab9/cd362631-5203-4c7b-8676-91aa4748e30f/",
            "oms_agent": [],
            "open_service_mesh_enabled": false,
            "portal_fqdn": "banking-app-dev001-jdngmfkc.portal.hcp.centralindia.azmk8s.io",
            "private_cluster_enabled": false,
            "private_cluster_public_fqdn_enabled": false,
            "private_dns_zone_id": "",
            "private_fqdn": "",
            "resource_group_name": "RG-02",
            "role_based_access_control_enabled": true,
            "run_command_enabled": true,
            "service_mesh_profile": [],
            "service_principal": [],
            "sku_tier": "Free",
            "storage_profile": [],
            "support_plan": "KubernetesOfficial",
            "tags": null,
            "timeouts": null,
            "upgrade_override": [],
            "web_app_routing": [],
            "windows_profile": [
              {
                "admin_password": "",
                "admin_username": "azureuser",
                "gmsa": [],
                "license": ""
              }
            ],
            "workload_autoscaler_profile": [],
            "workload_identity_enabled": false
          },
          "sensitive_attributes": [
            [
              {
                "type": "get_attr",
                "value": "kube_admin_config"
              }
            ],
            [
              {
                "type": "get_attr",
                "value": "kube_admin_config_raw"
              }
            ],
            [
              {
                "type": "get_attr",
                "value": "kube_config"
              }
            ],
            [
              {
                "type": "get_attr",
                "value": "kube_config_raw"
              }
            ],
            [
              {
                "type": "get_attr",
                "value": "windows_profile"
              },
              {
                "type": "index",
                "value": {
                  "value": 0,
                  "type": "number"
                }
              },
              {
                "type": "get_attr",
                "value": "admin_password"
              }
            ]
          ],
          "identity_schema_version": 0,
          "private": "eyJlMmJmYjczMC1lY2FhLTExZTYtOGY4OC0zNDM2M2JjN2M0YzAiOnsiY3JlYXRlIjo1NDAwMDAwMDAwMDAwLCJkZWxldGUiOjU0MDAwMDAwMDAwMDAsInJlYWQiOjMwMDAwMDAwMDAwMCwidXBkYXRlIjo1NDAwMDAwMDAwMDAwfSwic2NoZW1hX3ZlcnNpb24iOiIyIn0=",
          "dependencies": [
            "azurerm_resource_group.banking",
            "azurerm_subnet.aks",
            "azurerm_virtual_network.banking"
          ]
        }
      ]
    },
    {
      "mode": "managed",
      "type": "azurerm_network_security_group",
      "name": "aks",
      "provider": "provider[\"registry.terraform.io/hashicorp/azurerm\"]",
      "instances": [
        {
          "schema_version": 0,
          "attributes": {
            "id": "/subscriptions/f2a9d021-fbf6-46e8-960f-e470c58952a4/resourceGroups/RG-02/providers/Microsoft.Network/networkSecurityGroups/nsg-aks",
            "location": "centralindia",
            "name": "nsg-aks",
            "resource_group_name": "RG-02",
            "security_rule": [],
            "tags": {},
            "timeouts": null
          },
          "sensitive_attributes": [],
          "identity_schema_version": 0,
          "identity": {
            "name": "nsg-aks",
            "resource_group_name": "RG-02",
            "subscription_id": "f2a9d021-fbf6-46e8-960f-e470c58952a4"
          },
          "private": "eyJlMmJmYjczMC1lY2FhLTExZTYtOGY4OC0zNDM2M2JjN2M0YzAiOnsiY3JlYXRlIjoxODAwMDAwMDAwMDAwLCJkZWxldGUiOjE4MDAwMDAwMDAwMDAsInJlYWQiOjMwMDAwMDAwMDAwMCwidXBkYXRlIjoxODAwMDAwMDAwMDAwfX0=",
          "dependencies": [
            "azurerm_resource_group.banking"
          ]
        }
      ]
    },
    {
      "mode": "managed",
      "type": "azurerm_resource_group",
      "name": "banking",
      "provider": "provider[\"registry.terraform.io/hashicorp/azurerm\"]",
      "instances": [
        {
          "schema_version": 0,
          "attributes": {
            "id": "/subscriptions/f2a9d021-fbf6-46e8-960f-e470c58952a4/resourceGroups/RG-02",
            "location": "centralindia",
            "managed_by": "",
            "name": "RG-02",
            "tags": {},
            "timeouts": null
          },
          "sensitive_attributes": [],
          "identity_schema_version": 0,
          "identity": {
            "name": "RG-02",
            "subscription_id": "f2a9d021-fbf6-46e8-960f-e470c58952a4"
          },
          "private": "eyJlMmJmYjczMC1lY2FhLTExZTYtOGY4OC0zNDM2M2JjN2M0YzAiOnsiY3JlYXRlIjo1NDAwMDAwMDAwMDAwLCJkZWxldGUiOjU0MDAwMDAwMDAwMDAsInJlYWQiOjMwMDAwMDAwMDAwMCwidXBkYXRlIjo1NDAwMDAwMDAwMDAwfX0="
        }
      ]
    },
    {
      "mode": "managed",
      "type": "azurerm_role_assignment",
      "name": "aks_acr_pull",
      "provider": "provider[\"registry.terraform.io/hashicorp/azurerm\"]",
      "instances": [
        {
          "schema_version": 0,
          "attributes": {
            "condition": "",
            "condition_version": "",
            "delegated_managed_identity_resource_id": "",
            "description": "",
            "id": "/subscriptions/f2a9d021-fbf6-46e8-960f-e470c58952a4/resourceGroups/RG-02/providers/Microsoft.ContainerRegistry/registries/bankingAppAcr121/providers/Microsoft.Authorization/roleAssignments/35a1555d-2084-8bc3-7c55-0d82c8e2059a",
            "name": "35a1555d-2084-8bc3-7c55-0d82c8e2059a",
            "principal_id": "a6332c00-f72b-4371-ae76-09b6e61cf561",
            "principal_type": "ServicePrincipal",
            "role_definition_id": "/subscriptions/f2a9d021-fbf6-46e8-960f-e470c58952a4/providers/Microsoft.Authorization/roleDefinitions/7f951dda-4ed3-4680-a7ca-43fe172d538d",
            "role_definition_name": "AcrPull",
            "scope": "/subscriptions/f2a9d021-fbf6-46e8-960f-e470c58952a4/resourceGroups/RG-02/providers/Microsoft.ContainerRegistry/registries/bankingAppAcr121",
            "skip_service_principal_aad_check": null,
            "timeouts": null
          },
          "sensitive_attributes": [],
          "identity_schema_version": 0,
          "private": "eyJlMmJmYjczMC1lY2FhLTExZTYtOGY4OC0zNDM2M2JjN2M0YzAiOnsiY3JlYXRlIjoxODAwMDAwMDAwMDAwLCJkZWxldGUiOjE4MDAwMDAwMDAwMDAsInJlYWQiOjMwMDAwMDAwMDAwMH19",
          "dependencies": [
            "azurerm_container_registry.banking",
            "azurerm_kubernetes_cluster.banking",
            "azurerm_resource_group.banking",
            "azurerm_subnet.aks",
            "azurerm_virtual_network.banking"
          ]
        }
      ]
    },
    {
      "mode": "managed",
      "type": "azurerm_subnet",
      "name": "aks",
      "provider": "provider[\"registry.terraform.io/hashicorp/azurerm\"]",
      "instances": [
        {
          "schema_version": 0,
          "attributes": {
            "address_prefixes": [
              "10.0.1.0/24"
            ],
            "default_outbound_access_enabled": true,
            "delegation": [],
            "id": "/subscriptions/f2a9d021-fbf6-46e8-960f-e470c58952a4/resourceGroups/RG-02/providers/Microsoft.Network/virtualNetworks/banking/subnets/subnet-aks",
            "ip_address_pool": [],
            "name": "subnet-aks",
            "private_endpoint_network_policies": "Disabled",
            "private_link_service_network_policies_enabled": true,
            "resource_group_name": "RG-02",
            "service_endpoint_policy_ids": [],
            "service_endpoints": [],
            "sharing_scope": "",
            "timeouts": null,
            "virtual_network_name": "banking"
          },
          "sensitive_attributes": [],
          "identity_schema_version": 0,
          "identity": {
            "name": "subnet-aks",
            "resource_group_name": "RG-02",
            "subscription_id": "f2a9d021-fbf6-46e8-960f-e470c58952a4",
            "virtual_network_name": "banking"
          },
          "private": "eyJlMmJmYjczMC1lY2FhLTExZTYtOGY4OC0zNDM2M2JjN2M0YzAiOnsiY3JlYXRlIjoxODAwMDAwMDAwMDAwLCJkZWxldGUiOjE4MDAwMDAwMDAwMDAsInJlYWQiOjMwMDAwMDAwMDAwMCwidXBkYXRlIjoxODAwMDAwMDAwMDAwfX0=",
          "dependencies": [
            "azurerm_resource_group.banking",
            "azurerm_virtual_network.banking"
          ]
        }
      ]
    },
    {
      "mode": "managed",
      "type": "azurerm_subnet",
      "name": "private_endpoints",
      "provider": "provider[\"registry.terraform.io/hashicorp/azurerm\"]",
      "instances": [
        {
          "schema_version": 0,
          "attributes": {
            "address_prefixes": [
              "10.0.2.0/24"
            ],
            "default_outbound_access_enabled": true,
            "delegation": [],
            "id": "/subscriptions/f2a9d021-fbf6-46e8-960f-e470c58952a4/resourceGroups/RG-02/providers/Microsoft.Network/virtualNetworks/banking/subnets/subnet-private-endpoint",
            "ip_address_pool": [],
            "name": "subnet-private-endpoint",
            "private_endpoint_network_policies": "Disabled",
            "private_link_service_network_policies_enabled": true,
            "resource_group_name": "RG-02",
            "service_endpoint_policy_ids": [],
            "service_endpoints": [],
            "sharing_scope": "",
            "timeouts": null,
            "virtual_network_name": "banking"
          },
          "sensitive_attributes": [],
          "identity_schema_version": 0,
          "identity": {
            "name": "subnet-private-endpoint",
            "resource_group_name": "RG-02",
            "subscription_id": "f2a9d021-fbf6-46e8-960f-e470c58952a4",
            "virtual_network_name": "banking"
          },
          "private": "eyJlMmJmYjczMC1lY2FhLTExZTYtOGY4OC0zNDM2M2JjN2M0YzAiOnsiY3JlYXRlIjoxODAwMDAwMDAwMDAwLCJkZWxldGUiOjE4MDAwMDAwMDAwMDAsInJlYWQiOjMwMDAwMDAwMDAwMCwidXBkYXRlIjoxODAwMDAwMDAwMDAwfX0=",
          "dependencies": [
            "azurerm_resource_group.banking",
            "azurerm_virtual_network.banking"
          ]
        }
      ]
    },
    {
      "mode": "managed",
      "type": "azurerm_subnet_network_security_group_association",
      "name": "aks",
      "provider": "provider[\"registry.terraform.io/hashicorp/azurerm\"]",
      "instances": [
        {
          "schema_version": 0,
          "attributes": {
            "id": "/subscriptions/f2a9d021-fbf6-46e8-960f-e470c58952a4/resourceGroups/RG-02/providers/Microsoft.Network/virtualNetworks/banking/subnets/subnet-aks",
            "network_security_group_id": "/subscriptions/f2a9d021-fbf6-46e8-960f-e470c58952a4/resourceGroups/RG-02/providers/Microsoft.Network/networkSecurityGroups/nsg-aks",
            "subnet_id": "/subscriptions/f2a9d021-fbf6-46e8-960f-e470c58952a4/resourceGroups/RG-02/providers/Microsoft.Network/virtualNetworks/banking/subnets/subnet-aks",
            "timeouts": null
          },
          "sensitive_attributes": [],
          "identity_schema_version": 0,
          "private": "eyJlMmJmYjczMC1lY2FhLTExZTYtOGY4OC0zNDM2M2JjN2M0YzAiOnsiY3JlYXRlIjoxODAwMDAwMDAwMDAwLCJkZWxldGUiOjE4MDAwMDAwMDAwMDAsInJlYWQiOjMwMDAwMDAwMDAwMH19",
          "dependencies": [
            "azurerm_network_security_group.aks",
            "azurerm_resource_group.banking",
            "azurerm_subnet.aks",
            "azurerm_virtual_network.banking"
          ]
        }
      ]
    },
    {
      "mode": "managed",
      "type": "azurerm_virtual_network",
      "name": "banking",
      "provider": "provider[\"registry.terraform.io/hashicorp/azurerm\"]",
      "instances": [
        {
          "schema_version": 0,
          "attributes": {
            "address_space": [
              "10.0.0.0/16"
            ],
            "bgp_community": "",
            "ddos_protection_plan": [],
            "dns_servers": [],
            "edge_zone": "",
            "encryption": [],
            "flow_timeout_in_minutes": 0,
            "guid": "72281291-12c1-4f05-92d5-af228ece1921",
            "id": "/subscriptions/f2a9d021-fbf6-46e8-960f-e470c58952a4/resourceGroups/RG-02/providers/Microsoft.Network/virtualNetworks/banking",
            "ip_address_pool": [],
            "location": "centralindia",
            "name": "banking",
            "private_endpoint_vnet_policies": "Disabled",
            "resource_group_name": "RG-02",
            "subnet": [
              {
                "address_prefixes": [
                  "10.0.1.0/24"
                ],
                "default_outbound_access_enabled": true,
                "delegation": [],
                "id": "/subscriptions/f2a9d021-fbf6-46e8-960f-e470c58952a4/resourceGroups/RG-02/providers/Microsoft.Network/virtualNetworks/banking/subnets/subnet-aks",
                "name": "subnet-aks",
                "private_endpoint_network_policies": "Disabled",
                "private_link_service_network_policies_enabled": true,
                "route_table_id": "",
                "security_group": "/subscriptions/f2a9d021-fbf6-46e8-960f-e470c58952a4/resourceGroups/RG-02/providers/Microsoft.Network/networkSecurityGroups/nsg-aks",
                "service_endpoint_policy_ids": [],
                "service_endpoints": []
              },
              {
                "address_prefixes": [
                  "10.0.2.0/24"
                ],
                "default_outbound_access_enabled": true,
                "delegation": [],
                "id": "/subscriptions/f2a9d021-fbf6-46e8-960f-e470c58952a4/resourceGroups/RG-02/providers/Microsoft.Network/virtualNetworks/banking/subnets/subnet-private-endpoint",
                "name": "subnet-private-endpoint",
                "private_endpoint_network_policies": "Disabled",
                "private_link_service_network_policies_enabled": true,
                "route_table_id": "",
                "security_group": "",
                "service_endpoint_policy_ids": [],
                "service_endpoints": []
              }
            ],
            "tags": {},
            "timeouts": null
          },
          "sensitive_attributes": [],
          "identity_schema_version": 0,
          "identity": {
            "name": "banking",
            "resource_group_name": "RG-02",
            "subscription_id": "f2a9d021-fbf6-46e8-960f-e470c58952a4"
          },
          "private": "eyJlMmJmYjczMC1lY2FhLTExZTYtOGY4OC0zNDM2M2JjN2M0YzAiOnsiY3JlYXRlIjoxODAwMDAwMDAwMDAwLCJkZWxldGUiOjE4MDAwMDAwMDAwMDAsInJlYWQiOjMwMDAwMDAwMDAwMCwidXBkYXRlIjoxODAwMDAwMDAwMDAwfX0=",
          "dependencies": [
            "azurerm_resource_group.banking"
          ]
        }
      ]
    }
  ],
  "check_results": null
}
