{
  "version": 4,
  "terraform_version": "1.12.2",
  "serial": 15,
  "lineage": "4b1a0034-7f90-0ff6-d9cf-d67e8de43f61",
  "outputs": {
    "acr_login_server": {
      "value": "bankingappacr121.azurecr.io",
      "type": "string"
    },
    "aks_name": {
      "value": "Banking-App-Cluster121",
      "type": "string"
    },
    "aks_subnet_id": {
      "value": "/subscriptions/f2a9d021-fbf6-46e8-960f-e470c58952a4/resourceGroups/RG-02/providers/Microsoft.Network/virtualNetworks/banking/subnets/subnet-aks",
      "type": "string"
    },
    "key_vault_uri": {
      "value": "https://bankingapp-key-vault123.vault.azure.net/",
      "type": "string"
    },
    "private_endpoint_subnet_id": {
      "value": "/subscriptions/f2a9d021-fbf6-46e8-960f-e470c58952a4/resourceGroups/RG-02/providers/Microsoft.Network/virtualNetworks/banking/subnets/subnet-private-endpoint",
      "type": "string"
    },
    "resource_group_location": {
      "value": "centralindia",
      "type": "string"
    },
    "resource_group_name": {
      "value": "RG-02",
      "type": "string"
    },
    "vnet_id": {
      "value": "/subscriptions/f2a9d021-fbf6-46e8-960f-e470c58952a4/resourceGroups/RG-02/providers/Microsoft.Network/virtualNetworks/banking",
      "type": "string"
    }
  },
  "resources": [
    {
      "mode": "data",
      "type": "azurerm_client_config",
      "name": "current",
      "provider": "provider[\"registry.terraform.io/hashicorp/azurerm\"]",
      "instances": [
        {
          "schema_version": 0,
          "attributes": {
            "client_id": "04b07795-8ddb-461a-bbee-02f9e1bf7b46",
            "id": "Y2xpZW50Q29uZmlncy9jbGllbnRJZD0wNGIwNzc5NS04ZGRiLTQ2MWEtYmJlZS0wMmY5ZTFiZjdiNDY7b2JqZWN0SWQ9MjFlM2M5YjUtNjg1NS00NzkxLTk0MzYtZWJmNzI4MzM1MmQzO3N1YnNjcmlwdGlvbklkPWYyYTlkMDIxLWZiZjYtNDZlOC05NjBmLWU0NzBjNTg5NTJhNDt0ZW5hbnRJZD0xMmY3MmNhNC1hNzA0LTRmNGMtYmMxYi02ZTQxZDEzNzFhYjk=",
            "object_id": "21e3c9b5-6855-4791-9436-ebf7283352d3",
            "subscription_id": "f2a9d021-fbf6-46e8-960f-e470c58952a4",
            "tenant_id": "12f72ca4-a704-4f4c-bc1b-6e41d1371ab9",
            "timeouts": null
          },
          "sensitive_attributes": [],
          "identity_schema_version": 0
        }
      ]
    },
    {
      "mode": "managed",
      "type": "azurerm_container_registry",
      "name": "banking",
      "provider": "provider[\"registry.terraform.io/hashicorp/azurerm\"]",
      "instances": [
        {
          "schema_version": 2,
          "attributes": {
            "admin_enabled": false,
            "admin_password": "",
            "admin_username": "",
            "anonymous_pull_enabled": false,
            "azuread_authentication_as_arm_policy_enabled": true,
            "data_endpoint_enabled": false,
            "data_endpoint_host_names": [],
            "encryption": [],
            "export_policy_enabled": true,
            "georeplications": [],
            "id": "/subscriptions/f2a9d021-fbf6-46e8-960f-e470c58952a4/resourceGroups/RG-02/providers/Microsoft.ContainerRegistry/registries/bankingAppAcr121",
            "identity": [],
            "location": "centralindia",
            "login_server": "bankingappacr121.azurecr.io",
            "name": "bankingAppAcr121",
            "network_rule_bypass_for_tasks_enabled": false,
            "network_rule_bypass_option": "AzureServices",
            "network_rule_set": [],
            "public_network_access_enabled": true,
            "quarantine_policy_enabled": false,
            "resource_group_name": "RG-02",
            "retention_policy_in_days": 0,
            "role_assignment_mode": "LegacyRegistryPermissions",
            "sku": "Standard",
            "tags": {},
            "timeouts": null,
            "trust_policy_enabled": false,
            "zone_redundancy_enabled": false
          },
          "sensitive_attributes": [
            [
              {
                "type": "get_attr",
                "value": "admin_password"
              }
            ]
          ],
          "identity_schema_version": 0,
          "private": "eyJlMmJmYjczMC1lY2FhLTExZTYtOGY4OC0zNDM2M2JjN2M0YzAiOnsiY3JlYXRlIjoxODAwMDAwMDAwMDAwLCJkZWxldGUiOjE4MDAwMDAwMDAwMDAsInJlYWQiOjMwMDAwMDAwMDAwMCwidXBkYXRlIjoxODAwMDAwMDAwMDAwfSwic2NoZW1hX3ZlcnNpb24iOiIyIn0=",
          "dependencies": [
            "azurerm_resource_group.banking"
          ]
        }
      ]
    },
    {
      "mode": "managed",
      "type": "azurerm_key_vault",
      "name": "banking",
      "provider": "provider[\"registry.terraform.io/hashicorp/azurerm\"]",
      "instances": [
        {
          "schema_version": 2,
          "attributes": {
            "access_policy": [],
            "contact": [],
            "enable_rbac_authorization": true,
            "enabled_for_deployment": false,
            "enabled_for_disk_encryption": false,
            "enabled_for_template_deployment": false,
            "id": "/subscriptions/f2a9d021-fbf6-46e8-960f-e470c58952a4/resourceGroups/RG-02/providers/Microsoft.KeyVault/vaults/bankingApp-Key-Vault123",
            "location": "centralindia",
            "name": "bankingApp-Key-Vault123",
            "network_acls": [
              {
                "bypass": "AzureServices",
                "default_action": "Allow",
                "ip_rules": [],
                "virtual_network_subnet_ids": []
              }
            ],
            "public_network_access_enabled": true,
            "purge_protection_enabled": false,
            "rbac_authorization_enabled": true,
            "resource_group_name": "RG-02",
            "sku_name": "standard",
            "soft_delete_retention_days": 90,
            "tags": {},
            "tenant_id": "12f72ca4-a704-4f4c-bc1b-6e41d1371ab9",
            "timeouts": null,
            "vault_uri": "https://bankingapp-key-vault123.vault.azure.net/"
          },
          "sensitive_attributes": [],
          "identity_schema_version": 0,
          "identity": {
            "name": "bankingApp-Key-Vault123",
            "resource_group_name": "RG-02",
            "subscription_id": "f2a9d021-fbf6-46e8-960f-e470c58952a4"
          },
          "private": "eyJlMmJmYjczMC1lY2FhLTExZTYtOGY4OC0zNDM2M2JjN2M0YzAiOnsiY3JlYXRlIjoxODAwMDAwMDAwMDAwLCJkZWxldGUiOjE4MDAwMDAwMDAwMDAsInJlYWQiOjMwMDAwMDAwMDAwMCwidXBkYXRlIjoxODAwMDAwMDAwMDAwfSwic2NoZW1hX3ZlcnNpb24iOiIyIn0=",
          "dependencies": [
            "azurerm_resource_group.banking",
            "data.azurerm_client_config.current"
          ]
        }
      ]
    },
    {
      "mode": "managed",
      "type": "azurerm_network_security_group",
      "name": "aks",
      "provider": "provider[\"registry.terraform.io/hashicorp/azurerm\"]",
      "instances": [
        {
          "schema_version": 0,
          "attributes": {
            "id": "/subscriptions/f2a9d021-fbf6-46e8-960f-e470c58952a4/resourceGroups/RG-02/providers/Microsoft.Network/networkSecurityGroups/nsg-aks",
            "location": "centralindia",
            "name": "nsg-aks",
            "resource_group_name": "RG-02",
            "security_rule": [],
            "tags": {},
            "timeouts": null
          },
          "sensitive_attributes": [],
          "identity_schema_version": 0,
          "identity": {
            "name": "nsg-aks",
            "resource_group_name": "RG-02",
            "subscription_id": "f2a9d021-fbf6-46e8-960f-e470c58952a4"
          },
          "private": "eyJlMmJmYjczMC1lY2FhLTExZTYtOGY4OC0zNDM2M2JjN2M0YzAiOnsiY3JlYXRlIjoxODAwMDAwMDAwMDAwLCJkZWxldGUiOjE4MDAwMDAwMDAwMDAsInJlYWQiOjMwMDAwMDAwMDAwMCwidXBkYXRlIjoxODAwMDAwMDAwMDAwfX0=",
          "dependencies": [
            "azurerm_resource_group.banking"
          ]
        }
      ]
    },
    {
      "mode": "managed",
      "type": "azurerm_resource_group",
      "name": "banking",
      "provider": "provider[\"registry.terraform.io/hashicorp/azurerm\"]",
      "instances": [
        {
          "schema_version": 0,
          "attributes": {
            "id": "/subscriptions/f2a9d021-fbf6-46e8-960f-e470c58952a4/resourceGroups/RG-02",
            "location": "centralindia",
            "managed_by": "",
            "name": "RG-02",
            "tags": {},
            "timeouts": null
          },
          "sensitive_attributes": [],
          "identity_schema_version": 0,
          "identity": {
            "name": "RG-02",
            "subscription_id": "f2a9d021-fbf6-46e8-960f-e470c58952a4"
          },
          "private": "eyJlMmJmYjczMC1lY2FhLTExZTYtOGY4OC0zNDM2M2JjN2M0YzAiOnsiY3JlYXRlIjo1NDAwMDAwMDAwMDAwLCJkZWxldGUiOjU0MDAwMDAwMDAwMDAsInJlYWQiOjMwMDAwMDAwMDAwMCwidXBkYXRlIjo1NDAwMDAwMDAwMDAwfX0="
        }
      ]
    },
    {
      "mode": "managed",
      "type": "azurerm_subnet",
      "name": "aks",
      "provider": "provider[\"registry.terraform.io/hashicorp/azurerm\"]",
      "instances": [
        {
          "schema_version": 0,
          "attributes": {
            "address_prefixes": [
              "10.0.1.0/24"
            ],
            "default_outbound_access_enabled": true,
            "delegation": [],
            "id": "/subscriptions/f2a9d021-fbf6-46e8-960f-e470c58952a4/resourceGroups/RG-02/providers/Microsoft.Network/virtualNetworks/banking/subnets/subnet-aks",
            "ip_address_pool": [],
            "name": "subnet-aks",
            "private_endpoint_network_policies": "Disabled",
            "private_link_service_network_policies_enabled": true,
            "resource_group_name": "RG-02",
            "service_endpoint_policy_ids": [],
            "service_endpoints": [],
            "sharing_scope": "",
            "timeouts": null,
            "virtual_network_name": "banking"
          },
          "sensitive_attributes": [],
          "identity_schema_version": 0,
          "identity": {
            "name": "subnet-aks",
            "resource_group_name": "RG-02",
            "subscription_id": "f2a9d021-fbf6-46e8-960f-e470c58952a4",
            "virtual_network_name": "banking"
          },
          "private": "eyJlMmJmYjczMC1lY2FhLTExZTYtOGY4OC0zNDM2M2JjN2M0YzAiOnsiY3JlYXRlIjoxODAwMDAwMDAwMDAwLCJkZWxldGUiOjE4MDAwMDAwMDAwMDAsInJlYWQiOjMwMDAwMDAwMDAwMCwidXBkYXRlIjoxODAwMDAwMDAwMDAwfX0=",
          "dependencies": [
            "azurerm_resource_group.banking",
            "azurerm_virtual_network.banking"
          ]
        }
      ]
    },
    {
      "mode": "managed",
      "type": "azurerm_subnet",
      "name": "private_endpoints",
      "provider": "provider[\"registry.terraform.io/hashicorp/azurerm\"]",
      "instances": [
        {
          "schema_version": 0,
          "attributes": {
            "address_prefixes": [
              "10.0.2.0/24"
            ],
            "default_outbound_access_enabled": true,
            "delegation": [],
            "id": "/subscriptions/f2a9d021-fbf6-46e8-960f-e470c58952a4/resourceGroups/RG-02/providers/Microsoft.Network/virtualNetworks/banking/subnets/subnet-private-endpoint",
            "ip_address_pool": [],
            "name": "subnet-private-endpoint",
            "private_endpoint_network_policies": "Disabled",
            "private_link_service_network_policies_enabled": true,
            "resource_group_name": "RG-02",
            "service_endpoint_policy_ids": [],
            "service_endpoints": [],
            "sharing_scope": "",
            "timeouts": null,
            "virtual_network_name": "banking"
          },
          "sensitive_attributes": [],
          "identity_schema_version": 0,
          "identity": {
            "name": "subnet-private-endpoint",
            "resource_group_name": "RG-02",
            "subscription_id": "f2a9d021-fbf6-46e8-960f-e470c58952a4",
            "virtual_network_name": "banking"
          },
          "private": "eyJlMmJmYjczMC1lY2FhLTExZTYtOGY4OC0zNDM2M2JjN2M0YzAiOnsiY3JlYXRlIjoxODAwMDAwMDAwMDAwLCJkZWxldGUiOjE4MDAwMDAwMDAwMDAsInJlYWQiOjMwMDAwMDAwMDAwMCwidXBkYXRlIjoxODAwMDAwMDAwMDAwfX0=",
          "dependencies": [
            "azurerm_resource_group.banking",
            "azurerm_virtual_network.banking"
          ]
        }
      ]
    },
    {
      "mode": "managed",
      "type": "azurerm_subnet_network_security_group_association",
      "name": "aks",
      "provider": "provider[\"registry.terraform.io/hashicorp/azurerm\"]",
      "instances": [
        {
          "schema_version": 0,
          "attributes": {
            "id": "/subscriptions/f2a9d021-fbf6-46e8-960f-e470c58952a4/resourceGroups/RG-02/providers/Microsoft.Network/virtualNetworks/banking/subnets/subnet-aks",
            "network_security_group_id": "/subscriptions/f2a9d021-fbf6-46e8-960f-e470c58952a4/resourceGroups/RG-02/providers/Microsoft.Network/networkSecurityGroups/nsg-aks",
            "subnet_id": "/subscriptions/f2a9d021-fbf6-46e8-960f-e470c58952a4/resourceGroups/RG-02/providers/Microsoft.Network/virtualNetworks/banking/subnets/subnet-aks",
            "timeouts": null
          },
          "sensitive_attributes": [],
          "identity_schema_version": 0,
          "private": "eyJlMmJmYjczMC1lY2FhLTExZTYtOGY4OC0zNDM2M2JjN2M0YzAiOnsiY3JlYXRlIjoxODAwMDAwMDAwMDAwLCJkZWxldGUiOjE4MDAwMDAwMDAwMDAsInJlYWQiOjMwMDAwMDAwMDAwMH19",
          "dependencies": [
            "azurerm_network_security_group.aks",
            "azurerm_resource_group.banking",
            "azurerm_subnet.aks",
            "azurerm_virtual_network.banking"
          ]
        }
      ]
    },
    {
      "mode": "managed",
      "type": "azurerm_virtual_network",
      "name": "banking",
      "provider": "provider[\"registry.terraform.io/hashicorp/azurerm\"]",
      "instances": [
        {
          "schema_version": 0,
          "attributes": {
            "address_space": [
              "10.0.0.0/16"
            ],
            "bgp_community": "",
            "ddos_protection_plan": [],
            "dns_servers": [],
            "edge_zone": "",
            "encryption": [],
            "flow_timeout_in_minutes": 0,
            "guid": "72281291-12c1-4f05-92d5-af228ece1921",
            "id": "/subscriptions/f2a9d021-fbf6-46e8-960f-e470c58952a4/resourceGroups/RG-02/providers/Microsoft.Network/virtualNetworks/banking",
            "ip_address_pool": [],
            "location": "centralindia",
            "name": "banking",
            "private_endpoint_vnet_policies": "Disabled",
            "resource_group_name": "RG-02",
            "subnet": [
              {
                "address_prefixes": [
                  "10.0.1.0/24"
                ],
                "default_outbound_access_enabled": true,
                "delegation": [],
                "id": "/subscriptions/f2a9d021-fbf6-46e8-960f-e470c58952a4/resourceGroups/RG-02/providers/Microsoft.Network/virtualNetworks/banking/subnets/subnet-aks",
                "name": "subnet-aks",
                "private_endpoint_network_policies": "Disabled",
                "private_link_service_network_policies_enabled": true,
                "route_table_id": "",
                "security_group": "/subscriptions/f2a9d021-fbf6-46e8-960f-e470c58952a4/resourceGroups/RG-02/providers/Microsoft.Network/networkSecurityGroups/nsg-aks",
                "service_endpoint_policy_ids": [],
                "service_endpoints": []
              },
              {
                "address_prefixes": [
                  "10.0.2.0/24"
                ],
                "default_outbound_access_enabled": true,
                "delegation": [],
                "id": "/subscriptions/f2a9d021-fbf6-46e8-960f-e470c58952a4/resourceGroups/RG-02/providers/Microsoft.Network/virtualNetworks/banking/subnets/subnet-private-endpoint",
                "name": "subnet-private-endpoint",
                "private_endpoint_network_policies": "Disabled",
                "private_link_service_network_policies_enabled": true,
                "route_table_id": "",
                "security_group": "",
                "service_endpoint_policy_ids": [],
                "service_endpoints": []
              }
            ],
            "tags": {},
            "timeouts": null
          },
          "sensitive_attributes": [],
          "identity_schema_version": 0,
          "identity": {
            "name": "banking",
            "resource_group_name": "RG-02",
            "subscription_id": "f2a9d021-fbf6-46e8-960f-e470c58952a4"
          },
          "private": "eyJlMmJmYjczMC1lY2FhLTExZTYtOGY4OC0zNDM2M2JjN2M0YzAiOnsiY3JlYXRlIjoxODAwMDAwMDAwMDAwLCJkZWxldGUiOjE4MDAwMDAwMDAwMDAsInJlYWQiOjMwMDAwMDAwMDAwMCwidXBkYXRlIjoxODAwMDAwMDAwMDAwfX0=",
          "dependencies": [
            "azurerm_resource_group.banking"
          ]
        }
      ]
    }
  ],
  "check_results": null
}
